<?xml version="1.0" encoding="utf-8"?>
<Project ToolsVersion="4.0" xmlns="http://schemas.microsoft.com/developer/msbuild/2003">
  <ItemGroup>
    <Filter Include="Source Files">
      <UniqueIdentifier>{4FC737F1-C7A5-4376-A066-2A32D752A2FF}</UniqueIdentifier>
      <Extensions>cpp;c;cc;cxx;c++;cppm;ixx;def;odl;idl;hpj;bat;asm;asmx</Extensions>
    </Filter>
    <Filter Include="Header Files">
      <UniqueIdentifier>{93995380-89BD-4b04-88EB-625FBE52EBFB}</UniqueIdentifier>
      <Extensions>h;hh;hpp;hxx;h++;hm;inl;inc;ipp;xsd</Extensions>
    </Filter>
    <Filter Include="Resource Files">
      <UniqueIdentifier>{67DA6AB6-F800-4c08-8B7A-83BB121AAD01}</UniqueIdentifier>
      <Extensions>rc;ico;cur;bmp;dlg;rc2;rct;bin;rgs;gif;jpg;jpeg;jpe;resx;tiff;tif;png;wav;mfcribbon-ms</Extensions>
    </Filter>
    <Filter Include="Header Files\Window">
      <UniqueIdentifier>{6bc4b173-e603-403a-941b-d42ec96fd6e6}</UniqueIdentifier>
    </Filter>
    <Filter Include="Resource Files\icons">
      <UniqueIdentifier>{5fd9df3a-c606-453a-931a-f7ee7bc6fc09}</UniqueIdentifier>
    </Filter>
    <Filter Include="Header Files\Keyboard">
      <UniqueIdentifier>{52c21099-9cb2-40e8-9b55-4e45e825bf23}</UniqueIdentifier>
    </Filter>
  </ItemGroup>
  <ItemGroup>
    <ClCompile Include="main.cpp">
      <Filter>Source Files</Filter>
    </ClCompile>
    <ClCompile Include="Window.cpp">
      <Filter>Source Files</Filter>
    </ClCompile>
  </ItemGroup>
  <ItemGroup>
    <ClInclude Include="framework.h">
      <Filter>Header Files\Window</Filter>
    </ClInclude>
    <ClInclude Include="resource.h">
      <Filter>Header Files\Window</Filter>
    </ClInclude>
    <ClInclude Include="targetver.h">
      <Filter>Header Files\Window</Filter>
    </ClInclude>
    <ClInclude Include="Window.hpp">
      <Filter>Header Files\Window</Filter>
    </ClInclude>
    <ClInclude Include="IKeyListener.hpp">
      <Filter>Header Files\Keyboard</Filter>
    </ClInclude>
    <ClInclude Include="KeyController.hpp">
      <Filter>Header Files\Keyboard</Filter>
    </ClInclude>
    <ClInclude Include="KeyHandler.hpp">
      <Filter>Header Files\Keyboard</Filter>
    </ClInclude>
  </ItemGroup>
  <ItemGroup>
    <Image Include="primary.ico">
      <Filter>Resource Files\icons</Filter>
    </Image>
    <Image Include="small.ico">
      <Filter>Resource Files\icons</Filter>
    </Image>
  </ItemGroup>
  <ItemGroup>
    <ResourceCompile Include="resource_script.rc">
      <Filter>Resource Files</Filter>
    </ResourceCompile>
  </ItemGroup>
</Project>