
Microsoft Visual Studio Solution File, Format Version 12.00
# Visual Studio Version 17
VisualStudioVersion = 17.14.36414.22 d17.14
MinimumVisualStudioVersion = 10.0.40219.1
Project("{8BC9CEB8-8B4A-11D0-8D11-00A0C91BC942}") = "WinAPI_CreateWindow", "WinAPI_CreateWindow\WinAPI_CreateWindow.vcxproj", "{B2200A3C-689D-4039-9279-867BC8A9E937}"
EndProject
Global
	GlobalSection(SolutionConfigurationPlatforms) = preSolution
		Debug|x64 = Debug|x64
		Debug|x86 = Debug|x86
		Release|x64 = Release|x64
		Release|x86 = Release|x86
	EndGlobalSection
	GlobalSection(ProjectConfigurationPlatforms) = postSolution
		{B2200A3C-689D-4039-9279-867BC8A9E937}.Debug|x64.ActiveCfg = Debug|x64
		{B2200A3C-689D-4039-9279-867BC8A9E937}.Debug|x64.Build.0 = Debug|x64
		{B2200A3C-689D-4039-9279-867BC8A9E937}.Debug|x86.ActiveCfg = Debug|Win32
		{B2200A3C-689D-4039-9279-867BC8A9E937}.Debug|x86.Build.0 = Debug|Win32
		{B2200A3C-689D-4039-9279-867BC8A9E937}.Release|x64.ActiveCfg = Release|x64
		{B2200A3C-689D-4039-9279-867BC8A9E937}.Release|x64.Build.0 = Release|x64
		{B2200A3C-689D-4039-9279-867BC8A9E937}.Release|x86.ActiveCfg = Release|Win32
		{B2200A3C-689D-4039-9279-867BC8A9E937}.Release|x86.Build.0 = Release|Win32
	EndGlobalSection
	GlobalSection(SolutionProperties) = preSolution
		HideSolutionNode = FALSE
	EndGlobalSection
	GlobalSection(ExtensibilityGlobals) = postSolution
		SolutionGuid = {EC2B2181-2002-43BA-BE05-2194796C27F9}
	EndGlobalSection
EndGlobal
